
Microsoft Visual Studio Solution File, Format Version 12.00
# Visual Studio Version 17
VisualStudioVersion = 17.1.32210.238
MinimumVisualStudioVersion = 10.0.40219.1
Project("{FAE04EC0-301F-11D3-BF4B-00C04F79EFBC}") = "techpod", "techpod\techpod.csproj", "{030566B6-416F-4321-A49C-90BB8EBFEE44}"
EndProject
Global
	GlobalSection(SolutionConfigurationPlatforms) = preSolution
		Debug|Any CPU = Debug|Any CPU
		Release|Any CPU = Release|Any CPU
	EndGlobalSection
	GlobalSection(ProjectConfigurationPlatforms) = postSolution
		{030566B6-416F-4321-A49C-90BB8EBFEE44}.Debug|Any CPU.ActiveCfg = Debug|Any CPU
		{030566B6-416F-4321-A49C-90BB8EBFEE44}.Debug|Any CPU.Build.0 = Debug|Any CPU
		{030566B6-416F-4321-A49C-90BB8EBFEE44}.Release|Any CPU.ActiveCfg = Release|Any CPU
		{030566B6-416F-4321-A49C-90BB8EBFEE44}.Release|Any CPU.Build.0 = Release|Any CPU
	EndGlobalSection
	GlobalSection(SolutionProperties) = preSolution
		HideSolutionNode = FALSE
	EndGlobalSection
	GlobalSection(ExtensibilityGlobals) = postSolution
		SolutionGuid = {2E785248-BF97-4C54-A740-8E0BBBC31D1C}
	EndGlobalSection
EndGlobal
